Microsoft Visual Studio Solution File, Format Version 12.00
# Visual Studio Version 17
VisualStudioVersion = 17.5.2.0
MinimumVisualStudioVersion = 10.0.40219.1
Project("{FAE04EC0-301F-11D3-BF4B-00C04F79EFBC}") = "MySixteenthConsoleApp", "MySixteenthConsoleApp.csproj", "{905D1FFC-056A-6397-0DCA-DBEDDB30E788}"
EndProject
Global
	GlobalSection(SolutionConfigurationPlatforms) = preSolution
		Debug|Any CPU = Debug|Any CPU
		Release|Any CPU = Release|Any CPU
	EndGlobalSection
	GlobalSection(ProjectConfigurationPlatforms) = postSolution
		{905D1FFC-056A-6397-0DCA-DBEDDB30E788}.Debug|Any CPU.ActiveCfg = Debug|Any CPU
		{905D1FFC-056A-6397-0DCA-DBEDDB30E788}.Debug|Any CPU.Build.0 = Debug|Any CPU
		{905D1FFC-056A-6397-0DCA-DBEDDB30E788}.Release|Any CPU.ActiveCfg = Release|Any CPU
		{905D1FFC-056A-6397-0DCA-DBEDDB30E788}.Release|Any CPU.Build.0 = Release|Any CPU
	EndGlobalSection
	GlobalSection(SolutionProperties) = preSolution
		HideSolutionNode = FALSE
	EndGlobalSection
	GlobalSection(ExtensibilityGlobals) = postSolution
		SolutionGuid = {86402E52-7654-4F60-B889-BEE9F550EBD7}
	EndGlobalSection
EndGlobal
